// !$*UTF8*$!
{
	archiveVersion = 1;
	classes = {
	};
	objectVersion = 50;
	objects = {

/* Begin PBXBuildFile section */
		2777437D20A112D600F5B437 /* AppDelegate.swift in Sources */ = {isa = PBXBuildFile; fileRef = 2777437C20A112D600F5B437 /* AppDelegate.swift */; };
		2777437F20A112D600F5B437 /* ViewController.swift in Sources */ = {isa = PBXBuildFile; fileRef = 2777437E20A112D600F5B437 /* ViewController.swift */; };
		2777438220A112D600F5B437 /* Main.storyboard in Resources */ = {isa = PBXBuildFile; fileRef = 2777438020A112D600F5B437 /* Main.storyboard */; };
		2777438420A112DA00F5B437 /* Assets.xcassets in Resources */ = {isa = PBXBuildFile; fileRef = 2777438320A112DA00F5B437 /* Assets.xcassets */; };
		2777438720A112DA00F5B437 /* LaunchScreen.storyboard in Resources */ = {isa = PBXBuildFile; fileRef = 2777438520A112DA00F5B437 /* LaunchScreen.storyboard */; };
		2777438F20A12B3D00F5B437 /* StringAddProtocol.swift in Sources */ = {isa = PBXBuildFile; fileRef = 2777438E20A12B3D00F5B437 /* StringAddProtocol.swift */; };
		2777439120A12B8500F5B437 /* StringExtensions.swift in Sources */ = {isa = PBXBuildFile; fileRef = 2777439020A12B8500F5B437 /* StringExtensions.swift */; };
		2777439520A1315500F5B437 /* AlertViews.swift in Sources */ = {isa = PBXBuildFile; fileRef = 2777439420A1315500F5B437 /* AlertViews.swift */; };
/* End PBXBuildFile section */

/* Begin PBXFileReference section */
		2777437920A112D600F5B437 /* additionChallenge.app */ = {isa = PBXFileReference; explicitFileType = wrapper.application; includeInIndex = 0; path = additionChallenge.app; sourceTree = BUILT_PRODUCTS_DIR; };
		2777437C20A112D600F5B437 /* AppDelegate.swift */ = {isa = PBXFileReference; lastKnownFileType = sourcecode.swift; path = AppDelegate.swift; sourceTree = "<group>"; };
		2777437E20A112D600F5B437 /* ViewController.swift */ = {isa = PBXFileReference; lastKnownFileType = sourcecode.swift; path = ViewController.swift; sourceTree = "<group>"; };
		2777438120A112D600F5B437 /* Base */ = {isa = PBXFileReference; lastKnownFileType = file.storyboard; name = Base; path = Base.lproj/Main.storyboard; sourceTree = "<group>"; };
		2777438320A112DA00F5B437 /* Assets.xcassets */ = {isa = PBXFileReference; lastKnownFileType = folder.assetcatalog; path = Assets.xcassets; sourceTree = "<group>"; };
		2777438620A112DA00F5B437 /* Base */ = {isa = PBXFileReference; lastKnownFileType = file.storyboard; name = Base; path = Base.lproj/LaunchScreen.storyboard; sourceTree = "<group>"; };
		2777438820A112DA00F5B437 /* Info.plist */ = {isa = PBXFileReference; lastKnownFileType = text.plist.xml; path = Info.plist; sourceTree = "<group>"; };
		2777438E20A12B3D00F5B437 /* StringAddProtocol.swift */ = {isa = PBXFileReference; lastKnownFileType = sourcecode.swift; path = StringAddProtocol.swift; sourceTree = "<group>"; };
		2777439020A12B8500F5B437 /* StringExtensions.swift */ = {isa = PBXFileReference; lastKnownFileType = sourcecode.swift; path = StringExtensions.swift; sourceTree = "<group>"; };
		2777439420A1315500F5B437 /* AlertViews.swift */ = {isa = PBXFileReference; lastKnownFileType = sourcecode.swift; path = AlertViews.swift; sourceTree = "<group>"; };
/* End PBXFileReference section */

/* Begin PBXFrameworksBuildPhase section */
		2777437620A112D600F5B437 /* Frameworks */ = {
			isa = PBXFrameworksBuildPhase;
			buildActionMask = 2147483647;
			files = (
			);
			runOnlyForDeploymentPostprocessing = 0;
		};
/* End PBXFrameworksBuildPhase section */

/* Begin PBXGroup section */
		2777437020A112D600F5B437 = {
			isa = PBXGroup;
			children = (
				2777437B20A112D600F5B437 /* additionChallenge */,
				2777437A20A112D600F5B437 /* Products */,
			);
			sourceTree = "<group>";
		};
		2777437A20A112D600F5B437 /* Products */ = {
			isa = PBXGroup;
			children = (
				2777437920A112D600F5B437 /* additionChallenge.app */,
			);
			name = Products;
			sourceTree = "<group>";
		};
		2777437B20A112D600F5B437 /* additionChallenge */ = {
			isa = PBXGroup;
			children = (
				2777437C20A112D600F5B437 /* AppDelegate.swift */,
				2777437E20A112D600F5B437 /* ViewController.swift */,
				2777439020A12B8500F5B437 /* StringExtensions.swift */,
				2777438E20A12B3D00F5B437 /* StringAddProtocol.swift */,
				2777439420A1315500F5B437 /* AlertViews.swift */,
				2777438020A112D600F5B437 /* Main.storyboard */,
				2777438320A112DA00F5B437 /* Assets.xcassets */,
				2777438520A112DA00F5B437 /* LaunchScreen.storyboard */,
				2777438820A112DA00F5B437 /* Info.plist */,
			);
			path = additionChallenge;
			sourceTree = "<group>";
		};
/* End PBXGroup section */

/* Begin PBXNativeTarget section */
		2777437820A112D600F5B437 /* additionChallenge */ = {
			isa = PBXNativeTarget;
			buildConfigurationList = 2777438B20A112DA00F5B437 /* Build configuration list for PBXNativeTarget "additionChallenge" */;
			buildPhases = (
				2777437520A112D600F5B437 /* Sources */,
				2777437620A112D600F5B437 /* Frameworks */,
				2777437720A112D600F5B437 /* Resources */,
			);
			buildRules = (
			);
			dependencies = (
			);
			name = additionChallenge;
			productName = additionChallenge;
			productReference = 2777437920A112D600F5B437 /* additionChallenge.app */;
			productType = "com.apple.product-type.application";
		};
/* End PBXNativeTarget section */

/* Begin PBXProject section */
		2777437120A112D600F5B437 /* Project object */ = {
			isa = PBXProject;
			attributes = {
				LastSwiftUpdateCheck = 0930;
				LastUpgradeCheck = 0930;
				ORGANIZATIONNAME = Mike;
				TargetAttributes = {
					2777437820A112D600F5B437 = {
						CreatedOnToolsVersion = 9.3;
					};
				};
			};
			buildConfigurationList = 2777437420A112D600F5B437 /* Build configuration list for PBXProject "additionChallenge" */;
			compatibilityVersion = "Xcode 9.3";
			developmentRegion = en;
			hasScannedForEncodings = 0;
			knownRegions = (
				en,
				Base,
			);
			mainGroup = 2777437020A112D600F5B437;
			productRefGroup = 2777437A20A112D600F5B437 /* Products */;
			projectDirPath = "";
			projectRoot = "";
			targets = (
				2777437820A112D600F5B437 /* additionChallenge */,
			);
		};
/* End PBXProject section */

/* Begin PBXResourcesBuildPhase section */
		2777437720A112D600F5B437 /* Resources */ = {
			isa = PBXResourcesBuildPhase;
			buildActionMask = 2147483647;
			files = (
				2777438720A112DA00F5B437 /* LaunchScreen.storyboard in Resources */,
				2777438420A112DA00F5B437 /* Assets.xcassets in Resources */,
				2777438220A112D600F5B437 /* Main.storyboard in Resources */,
			);
			runOnlyForDeploymentPostprocessing = 0;
		};
/* End PBXResourcesBuildPhase section */

/* Begin PBXSourcesBuildPhase section */
		2777437520A112D600F5B437 /* Sources */ = {
			isa = PBXSourcesBuildPhase;
			buildActionMask = 2147483647;
			files = (
				2777439120A12B8500F5B437 /* StringExtensions.swift in Sources */,
				2777437F20A112D600F5B437 /* ViewController.swift in Sources */,
				2777439520A1315500F5B437 /* AlertViews.swift in Sources */,
				2777438F20A12B3D00F5B437 /* StringAddProtocol.swift in Sources */,
				2777437D20A112D600F5B437 /* AppDelegate.swift in Sources */,
			);
			runOnlyForDeploymentPostprocessing = 0;
		};
/* End PBXSourcesBuildPhase section */

/* Begin PBXVariantGroup section */
		2777438020A112D600F5B437 /* Main.storyboard */ = {
			isa = PBXVariantGroup;
			children = (
				2777438120A112D600F5B437 /* Base */,
			);
			name = Main.storyboard;
			sourceTree = "<group>";
		};
		2777438520A112DA00F5B437 /* LaunchScreen.storyboard */ = {
			isa = PBXVariantGroup;
			children = (
				2777438620A112DA00F5B437 /* Base */,
			);
			name = LaunchScreen.storyboard;
			sourceTree = "<group>";
		};
/* End PBXVariantGroup section */

/* Begin XCBuildConfiguration section */
		2777438920A112DA00F5B437 /* Debug */ = {
			isa = XCBuildConfiguration;
			buildSettings = {
				ALWAYS_SEARCH_USER_PATHS = NO;
				CLANG_ANALYZER_NONNULL = YES;
				CLANG_ANALYZER_NUMBER_OBJECT_CONVERSION = YES_AGGRESSIVE;
				CLANG_CXX_LANGUAGE_STANDARD = "gnu++14";
				CLANG_CXX_LIBRARY = "libc++";
				CLANG_ENABLE_MODULES = YES;
				CLANG_ENABLE_OBJC_ARC = YES;
				CLANG_ENABLE_OBJC_WEAK = YES;
				CLANG_WARN_BLOCK_CAPTURE_AUTORELEASING = YES;
				CLANG_WARN_BOOL_CONVERSION = YES;
				CLANG_WARN_COMMA = YES;
				CLANG_WARN_CONSTANT_CONVERSION = YES;
				CLANG_WARN_DEPRECATED_OBJC_IMPLEMENTATIONS = YES;
				CLANG_WARN_DIRECT_OBJC_ISA_USAGE = YES_ERROR;
				CLANG_WARN_DOCUMENTATION_COMMENTS = YES;
				CLANG_WARN_EMPTY_BODY = YES;
				CLANG_WARN_ENUM_CONVERSION = YES;
				CLANG_WARN_INFINITE_RECURSION = YES;
				CLANG_WARN_INT_CONVERSION = YES;
				CLANG_WARN_NON_LITERAL_NULL_CONVERSION = YES;
				CLANG_WARN_OBJC_IMPLICIT_RETAIN_SELF = YES;
				CLANG_WARN_OBJC_LITERAL_CONVERSION = YES;
				CLANG_WARN_OBJC_ROOT_CLASS = YES_ERROR;
				CLANG_WARN_RANGE_LOOP_ANALYSIS = YES;
				CLANG_WARN_STRICT_PROTOTYPES = YES;
				CLANG_WARN_SUSPICIOUS_MOVE = YES;
				CLANG_WARN_UNGUARDED_AVAILABILITY = YES_AGGRESSIVE;
				CLANG_WARN_UNREACHABLE_CODE = YES;
				CLANG_WARN__DUPLICATE_METHOD_MATCH = YES;
				CODE_SIGN_IDENTITY = "iPhone Developer";
				COPY_PHASE_STRIP = NO;
				DEBUG_INFORMATION_FORMAT = dwarf;
				ENABLE_STRICT_OBJC_MSGSEND = YES;
				ENABLE_TESTABILITY = YES;
				GCC_C_LANGUAGE_STANDARD = gnu11;
				GCC_DYNAMIC_NO_PIC = NO;
				GCC_NO_COMMON_BLOCKS = YES;
				GCC_OPTIMIZATION_LEVEL = 0;
				GCC_PREPROCESSOR_DEFINITIONS = (
					"DEBUG=1",
					"$(inherited)",
				);
				GCC_WARN_64_TO_32_BIT_CONVERSION = YES;
				GCC_WARN_ABOUT_RETURN_TYPE = YES_ERROR;
				GCC_WARN_UNDECLARED_SELECTOR = YES;
				GCC_WARN_UNINITIALIZED_AUTOS = YES_AGGRESSIVE;
				GCC_WARN_UNUSED_FUNCTION = YES;
				GCC_WARN_UNUSED_VARIABLE = YES;
				IPHONEOS_DEPLOYMENT_TARGET = 11.3;
				MTL_ENABLE_DEBUG_INFO = YES;
				ONLY_ACTIVE_ARCH = YES;
				SDKROOT = iphoneos;
				SWIFT_ACTIVE_COMPILATION_CONDITIONS = DEBUG;
				SWIFT_OPTIMIZATION_LEVEL = "-Onone";
			};
			name = Debug;
		};
		2777438A20A112DA00F5B437 /* Release */ = {
			isa = XCBuildConfiguration;
			buildSettings = {
				ALWAYS_SEARCH_USER_PATHS = NO;
				CLANG_ANALYZER_NONNULL = YES;
				CLANG_ANALYZER_NUMBER_OBJECT_CONVERSION = YES_AGGRESSIVE;
				CLANG_CXX_LANGUAGE_STANDARD = "gnu++14";
				CLANG_CXX_LIBRARY = "libc++";
				CLANG_ENABLE_MODULES = YES;
				CLANG_ENABLE_OBJC_ARC = YES;
				CLANG_ENABLE_OBJC_WEAK = YES;
				CLANG_WARN_BLOCK_CAPTURE_AUTORELEASING = YES;
				CLANG_WARN_BOOL_CONVERSION = YES;
				CLANG_WARN_COMMA = YES;
				CLANG_WARN_CONSTANT_CONVERSION = YES;
				CLANG_WARN_DEPRECATED_OBJC_IMPLEMENTATIONS = YES;
				CLANG_WARN_DIRECT_OBJC_ISA_USAGE = YES_ERROR;
				CLANG_WARN_DOCUMENTATION_COMMENTS = YES;
				CLANG_WARN_EMPTY_BODY = YES;
				CLANG_WARN_ENUM_CONVERSION = YES;
				CLANG_WARN_INFINITE_RECURSION = YES;
				CLANG_WARN_INT_CONVERSION = YES;
				CLANG_WARN_NON_LITERAL_NULL_CONVERSION = YES;
				CLANG_WARN_OBJC_IMPLICIT_RETAIN_SELF = YES;
				CLANG_WARN_OBJC_LITERAL_CONVERSION = YES;
				CLANG_WARN_OBJC_ROOT_CLASS = YES_ERROR;
				CLANG_WARN_RANGE_LOOP_ANALYSIS = YES;
				CLANG_WARN_STRICT_PROTOTYPES = YES;
				CLANG_WARN_SUSPICIOUS_MOVE = YES;
				CLANG_WARN_UNGUARDED_AVAILABILITY = YES_AGGRESSIVE;
				CLANG_WARN_UNREACHABLE_CODE = YES;
				CLANG_WARN__DUPLICATE_METHOD_MATCH = YES;
				CODE_SIGN_IDENTITY = "iPhone Developer";
				COPY_PHASE_STRIP = NO;
				DEBUG_INFORMATION_FORMAT = "dwarf-with-dsym";
				ENABLE_NS_ASSERTIONS = NO;
				ENABLE_STRICT_OBJC_MSGSEND = YES;
				GCC_C_LANGUAGE_STANDARD = gnu11;
				GCC_NO_COMMON_BLOCKS = YES;
				GCC_WARN_64_TO_32_BIT_CONVERSION = YES;
				GCC_WARN_ABOUT_RETURN_TYPE = YES_ERROR;
				GCC_WARN_UNDECLARED_SELECTOR = YES;
				GCC_WARN_UNINITIALIZED_AUTOS = YES_AGGRESSIVE;
				GCC_WARN_UNUSED_FUNCTION = YES;
				GCC_WARN_UNUSED_VARIABLE = YES;
				IPHONEOS_DEPLOYMENT_TARGET = 11.3;
				MTL_ENABLE_DEBUG_INFO = NO;
				SDKROOT = iphoneos;
				SWIFT_COMPILATION_MODE = wholemodule;
				SWIFT_OPTIMIZATION_LEVEL = "-O";
				VALIDATE_PRODUCT = YES;
			};
			name = Release;
		};
		2777438C20A112DA00F5B437 /* Debug */ = {
			isa = XCBuildConfiguration;
			buildSettings = {
				ASSETCATALOG_COMPILER_APPICON_NAME = AppIcon;
				CODE_SIGN_STYLE = Automatic;
				DEVELOPMENT_TEAM = BP8BUJFQU2;
				INFOPLIST_FILE = additionChallenge/Info.plist;
				LD_RUNPATH_SEARCH_PATHS = (
					"$(inherited)",
					"@executable_path/Frameworks",
				);
				PRODUCT_BUNDLE_IDENTIFIER = com.Michael.additionChallenge;
				PRODUCT_NAME = "$(TARGET_NAME)";
				SWIFT_VERSION = 4.0;
				TARGETED_DEVICE_FAMILY = "1,2";
			};
			name = Debug;
		};
		2777438D20A112DA00F5B437 /* Release */ = {
			isa = XCBuildConfiguration;
			buildSettings = {
				ASSETCATALOG_COMPILER_APPICON_NAME = AppIcon;
				CODE_SIGN_STYLE = Automatic;
				DEVELOPMENT_TEAM = BP8BUJFQU2;
				INFOPLIST_FILE = additionChallenge/Info.plist;
				LD_RUNPATH_SEARCH_PATHS = (
					"$(inherited)",
					"@executable_path/Frameworks",
				);
				PRODUCT_BUNDLE_IDENTIFIER = com.Michael.additionChallenge;
				PRODUCT_NAME = "$(TARGET_NAME)";
				SWIFT_VERSION = 4.0;
				TARGETED_DEVICE_FAMILY = "1,2";
			};
			name = Release;
		};
/* End XCBuildConfiguration section */

/* Begin XCConfigurationList section */
		2777437420A112D600F5B437 /* Build configuration list for PBXProject "additionChallenge" */ = {
			isa = XCConfigurationList;
			buildConfigurations = (
				2777438920A112DA00F5B437 /* Debug */,
				2777438A20A112DA00F5B437 /* Release */,
			);
			defaultConfigurationIsVisible = 0;
			defaultConfigurationName = Release;
		};
		2777438B20A112DA00F5B437 /* Build configuration list for PBXNativeTarget "additionChallenge" */ = {
			isa = XCConfigurationList;
			buildConfigurations = (
				2777438C20A112DA00F5B437 /* Debug */,
				2777438D20A112DA00F5B437 /* Release */,
			);
			defaultConfigurationIsVisible = 0;
			defaultConfigurationName = Release;
		};
/* End XCConfigurationList section */
	};
	rootObject = 2777437120A112D600F5B437 /* Project object */;
}
